{
  "version": 4,
  "terraform_version": "1.2.8",
  "serial": 103,
  "lineage": "e21f57a1-88db-51f5-e5ba-7576826b2018",
  "outputs": {
    "ansible-engine": {
      "value": "54.82.24.148",
      "type": "string"
    },
    "ansible-node-1": {
      "value": "3.95.238.17",
      "type": "string"
    },
    "ansible-node-2": {
      "value": "54.152.2.153",
      "type": "string"
    }
  },
  "resources": [
    {
      "mode": "managed",
      "type": "aws_instance",
      "name": "ansible-engine",
      "provider": "provider[\"registry.terraform.io/hashicorp/aws\"]",
      "instances": [
        {
          "schema_version": 1,
          "attributes": {
            "ami": "ami-09d3b3274b6c5d4aa",
            "arn": "arn:aws:ec2:us-east-1:139675813056:instance/i-0e775fc568af7b381",
            "associate_public_ip_address": true,
            "availability_zone": "us-east-1b",
            "capacity_reservation_specification": [
              {
                "capacity_reservation_preference": "open",
                "capacity_reservation_target": []
              }
            ],
            "cpu_core_count": 1,
            "cpu_threads_per_core": 1,
            "credit_specification": [
              {
                "cpu_credits": "standard"
              }
            ],
            "disable_api_termination": false,
            "ebs_block_device": [],
            "ebs_optimized": false,
            "enclave_options": [
              {
                "enabled": false
              }
            ],
            "ephemeral_block_device": [],
            "get_password_data": false,
            "hibernation": false,
            "host_id": null,
            "iam_instance_profile": "",
            "id": "i-0e775fc568af7b381",
            "instance_initiated_shutdown_behavior": "stop",
            "instance_state": "running",
            "instance_type": "t2.micro",
            "ipv6_address_count": 0,
            "ipv6_addresses": [],
            "key_name": "ansible_terraform",
            "metadata_options": [
              {
                "http_endpoint": "enabled",
                "http_put_response_hop_limit": 1,
                "http_tokens": "optional"
              }
            ],
            "monitoring": false,
            "network_interface": [],
            "outpost_arn": "",
            "password_data": "",
            "placement_group": "",
            "primary_network_interface_id": "eni-054194be7720479ef",
            "private_dns": "ip-172-31-19-9.ec2.internal",
            "private_ip": "172.31.19.9",
            "public_dns": "ec2-54-82-24-148.compute-1.amazonaws.com",
            "public_ip": "54.82.24.148",
            "root_block_device": [
              {
                "delete_on_termination": true,
                "device_name": "/dev/xvda",
                "encrypted": false,
                "iops": 100,
                "kms_key_id": "",
                "tags": {},
                "throughput": 0,
                "volume_id": "vol-021eb1f5113c8a8ab",
                "volume_size": 8,
                "volume_type": "gp2"
              }
            ],
            "secondary_private_ips": [],
            "security_groups": [
              "ansible-lab-sg"
            ],
            "source_dest_check": true,
            "subnet_id": "subnet-0ecdd0bb66f728f68",
            "tags": {
              "Name": "ansible-engine"
            },
            "tags_all": {
              "Name": "ansible-engine"
            },
            "tenancy": "default",
            "timeouts": null,
            "user_data": "c5ed425d1bc0d455b0a090045f3c39c0c4074b15",
            "user_data_base64": null,
            "volume_tags": null,
            "vpc_security_group_ids": [
              "sg-003db8d44ef068594"
            ]
          },
          "sensitive_attributes": [],
          "private": "eyJlMmJmYjczMC1lY2FhLTExZTYtOGY4OC0zNDM2M2JjN2M0YzAiOnsiY3JlYXRlIjo2MDAwMDAwMDAwMDAsImRlbGV0ZSI6MTIwMDAwMDAwMDAwMCwidXBkYXRlIjo2MDAwMDAwMDAwMDB9LCJzY2hlbWFfdmVyc2lvbiI6IjEifQ==",
          "dependencies": [
            "aws_instance.ansible-nodes",
            "aws_key_pair.ec2loginkey"
          ]
        }
      ]
    },
    {
      "mode": "managed",
      "type": "aws_instance",
      "name": "ansible-nodes",
      "provider": "provider[\"registry.terraform.io/hashicorp/aws\"]",
      "instances": [
        {
          "index_key": 0,
          "schema_version": 1,
          "attributes": {
            "ami": "ami-09d3b3274b6c5d4aa",
            "arn": "arn:aws:ec2:us-east-1:139675813056:instance/i-0f248b1ceafe27289",
            "associate_public_ip_address": true,
            "availability_zone": "us-east-1b",
            "capacity_reservation_specification": [
              {
                "capacity_reservation_preference": "open",
                "capacity_reservation_target": []
              }
            ],
            "cpu_core_count": 1,
            "cpu_threads_per_core": 1,
            "credit_specification": [
              {
                "cpu_credits": "standard"
              }
            ],
            "disable_api_termination": false,
            "ebs_block_device": [],
            "ebs_optimized": false,
            "enclave_options": [
              {
                "enabled": false
              }
            ],
            "ephemeral_block_device": [],
            "get_password_data": false,
            "hibernation": false,
            "host_id": null,
            "iam_instance_profile": "",
            "id": "i-0f248b1ceafe27289",
            "instance_initiated_shutdown_behavior": "stop",
            "instance_state": "running",
            "instance_type": "t2.micro",
            "ipv6_address_count": 0,
            "ipv6_addresses": [],
            "key_name": "ansible_terraform",
            "metadata_options": [
              {
                "http_endpoint": "enabled",
                "http_put_response_hop_limit": 1,
                "http_tokens": "optional"
              }
            ],
            "monitoring": false,
            "network_interface": [],
            "outpost_arn": "",
            "password_data": "",
            "placement_group": "",
            "primary_network_interface_id": "eni-0733f0f1b9fa22ed1",
            "private_dns": "ip-172-31-31-35.ec2.internal",
            "private_ip": "172.31.31.35",
            "public_dns": "ec2-3-95-238-17.compute-1.amazonaws.com",
            "public_ip": "3.95.238.17",
            "root_block_device": [
              {
                "delete_on_termination": true,
                "device_name": "/dev/xvda",
                "encrypted": false,
                "iops": 100,
                "kms_key_id": "",
                "tags": {},
                "throughput": 0,
                "volume_id": "vol-07b46c8962206f2d4",
                "volume_size": 8,
                "volume_type": "gp2"
              }
            ],
            "secondary_private_ips": [],
            "security_groups": [
              "ansible-lab-sg"
            ],
            "source_dest_check": true,
            "subnet_id": "subnet-0ecdd0bb66f728f68",
            "tags": {
              "Name": "ansible-node-1"
            },
            "tags_all": {
              "Name": "ansible-node-1"
            },
            "tenancy": "default",
            "timeouts": null,
            "user_data": "cbdee407237de65ea8351eb10a5ec6313449b8d1",
            "user_data_base64": null,
            "volume_tags": null,
            "vpc_security_group_ids": [
              "sg-003db8d44ef068594"
            ]
          },
          "sensitive_attributes": [],
          "private": "eyJlMmJmYjczMC1lY2FhLTExZTYtOGY4OC0zNDM2M2JjN2M0YzAiOnsiY3JlYXRlIjo2MDAwMDAwMDAwMDAsImRlbGV0ZSI6MTIwMDAwMDAwMDAwMCwidXBkYXRlIjo2MDAwMDAwMDAwMDB9LCJzY2hlbWFfdmVyc2lvbiI6IjEifQ==",
          "dependencies": [
            "aws_key_pair.ec2loginkey"
          ]
        },
        {
          "index_key": 1,
          "schema_version": 1,
          "attributes": {
            "ami": "ami-09d3b3274b6c5d4aa",
            "arn": "arn:aws:ec2:us-east-1:139675813056:instance/i-0b510ae73d2d3e117",
            "associate_public_ip_address": true,
            "availability_zone": "us-east-1b",
            "capacity_reservation_specification": [
              {
                "capacity_reservation_preference": "open",
                "capacity_reservation_target": []
              }
            ],
            "cpu_core_count": 1,
            "cpu_threads_per_core": 1,
            "credit_specification": [
              {
                "cpu_credits": "standard"
              }
            ],
            "disable_api_termination": false,
            "ebs_block_device": [],
            "ebs_optimized": false,
            "enclave_options": [
              {
                "enabled": false
              }
            ],
            "ephemeral_block_device": [],
            "get_password_data": false,
            "hibernation": false,
            "host_id": null,
            "iam_instance_profile": "",
            "id": "i-0b510ae73d2d3e117",
            "instance_initiated_shutdown_behavior": "stop",
            "instance_state": "running",
            "instance_type": "t2.micro",
            "ipv6_address_count": 0,
            "ipv6_addresses": [],
            "key_name": "ansible_terraform",
            "metadata_options": [
              {
                "http_endpoint": "enabled",
                "http_put_response_hop_limit": 1,
                "http_tokens": "optional"
              }
            ],
            "monitoring": false,
            "network_interface": [],
            "outpost_arn": "",
            "password_data": "",
            "placement_group": "",
            "primary_network_interface_id": "eni-06b6f7bc7847f4e31",
            "private_dns": "ip-172-31-19-7.ec2.internal",
            "private_ip": "172.31.19.7",
            "public_dns": "ec2-54-152-2-153.compute-1.amazonaws.com",
            "public_ip": "54.152.2.153",
            "root_block_device": [
              {
                "delete_on_termination": true,
                "device_name": "/dev/xvda",
                "encrypted": false,
                "iops": 100,
                "kms_key_id": "",
                "tags": {},
                "throughput": 0,
                "volume_id": "vol-051c4da4ac508eeb9",
                "volume_size": 8,
                "volume_type": "gp2"
              }
            ],
            "secondary_private_ips": [],
            "security_groups": [
              "ansible-lab-sg"
            ],
            "source_dest_check": true,
            "subnet_id": "subnet-0ecdd0bb66f728f68",
            "tags": {
              "Name": "ansible-node-2"
            },
            "tags_all": {
              "Name": "ansible-node-2"
            },
            "tenancy": "default",
            "timeouts": null,
            "user_data": "cbdee407237de65ea8351eb10a5ec6313449b8d1",
            "user_data_base64": null,
            "volume_tags": null,
            "vpc_security_group_ids": [
              "sg-003db8d44ef068594"
            ]
          },
          "sensitive_attributes": [],
          "private": "eyJlMmJmYjczMC1lY2FhLTExZTYtOGY4OC0zNDM2M2JjN2M0YzAiOnsiY3JlYXRlIjo2MDAwMDAwMDAwMDAsImRlbGV0ZSI6MTIwMDAwMDAwMDAwMCwidXBkYXRlIjo2MDAwMDAwMDAwMDB9LCJzY2hlbWFfdmVyc2lvbiI6IjEifQ==",
          "dependencies": [
            "aws_key_pair.ec2loginkey"
          ]
        }
      ]
    },
    {
      "mode": "managed",
      "type": "aws_key_pair",
      "name": "ec2loginkey",
      "provider": "provider[\"registry.terraform.io/hashicorp/aws\"]",
      "instances": [
        {
          "schema_version": 1,
          "attributes": {
            "arn": "arn:aws:ec2:us-east-1:139675813056:key-pair/ansible_terraform",
            "fingerprint": "ed:70:9b:24:97:37:c2:ee:17:55:c2:4a:08:59:39:7e",
            "id": "ansible_terraform",
            "key_name": "ansible_terraform",
            "key_name_prefix": null,
            "key_pair_id": "key-030ee5ccce19250cf",
            "public_key": "ssh-rsa AAAAB3NzaC1yc2EAAAADAQABAAABgQDAWvsgGymINvkkmKFQfKjrHcq5Rmzd/9G8k1t79LU8YTZOMB583v8SehwH7KqqxhIBePCvuiKHFYYasuL6UqDlrgsTkwJ6CI1fyEXVXLKQqpzMzQHpuWVIp1pokiUS2M7DrLP7YaVDbs+7J67wAhBcM9ZiRuCX/FZc0IR5GJgpDy3si8dlBUCQ55R02aRReZfXKrSulzrgfusn/SvlE7hqqY86T0cFwtJJXsdDTBLmmbB0WpN+gbHNrnqdawGaWSpYkYfuq/cAEzW4dlRs59ltZSy+oTSV2DldaXMI8QxgdhMnBRI2u/MiMwTF/RKotXh5ZW5TAEggfh9i93uaKi5AUKhHS1d0FME+xgeKZX8vgEZT/LY1Q7Jgt9puKTYo1osw3r78dB7gQ8K7HTztCbylwthOZDZslJLldY97zvuXvpTR6UHQzwNWmtTjW54v0TgYX/r90Js6sdsNjN3wneEufbT8Y3iPtPdWV8R7IcL9UPvZUs5AL7Z2qePg++Upi/M= gvale@DESKTOP-MVG83EL",
            "tags": null,
            "tags_all": {}
          },
          "sensitive_attributes": [],
          "private": "eyJzY2hlbWFfdmVyc2lvbiI6IjEifQ=="
        }
      ]
    },
    {
      "mode": "managed",
      "type": "aws_security_group",
      "name": "ansible_access",
      "provider": "provider[\"registry.terraform.io/hashicorp/aws\"]",
      "instances": [
        {
          "schema_version": 1,
          "attributes": {
            "arn": "arn:aws:ec2:us-east-1:139675813056:security-group/sg-003db8d44ef068594",
            "description": "Created by Terraform for SSH Access",
            "egress": [
              {
                "cidr_blocks": [
                  "0.0.0.0/0"
                ],
                "description": "",
                "from_port": 0,
                "ipv6_cidr_blocks": [
                  "::/0"
                ],
                "prefix_list_ids": [],
                "protocol": "-1",
                "security_groups": [],
                "self": false,
                "to_port": 0
              }
            ],
            "id": "sg-003db8d44ef068594",
            "ingress": [
              {
                "cidr_blocks": [
                  "0.0.0.0/0"
                ],
                "description": "HTTP Access",
                "from_port": 80,
                "ipv6_cidr_blocks": [],
                "prefix_list_ids": [],
                "protocol": "tcp",
                "security_groups": [],
                "self": false,
                "to_port": 80
              },
              {
                "cidr_blocks": [
                  "0.0.0.0/0"
                ],
                "description": "SSH Access",
                "from_port": 22,
                "ipv6_cidr_blocks": [],
                "prefix_list_ids": [],
                "protocol": "tcp",
                "security_groups": [],
                "self": false,
                "to_port": 22
              }
            ],
            "name": "ansible-lab-sg",
            "name_prefix": "",
            "owner_id": "139675813056",
            "revoke_rules_on_delete": false,
            "tags": {
              "Name": "allow_ssh"
            },
            "tags_all": {
              "Name": "allow_ssh"
            },
            "timeouts": null,
            "vpc_id": "vpc-02422f4e64216a6fe"
          },
          "sensitive_attributes": [],
          "private": "eyJlMmJmYjczMC1lY2FhLTExZTYtOGY4OC0zNDM2M2JjN2M0YzAiOnsiY3JlYXRlIjo2MDAwMDAwMDAwMDAsImRlbGV0ZSI6OTAwMDAwMDAwMDAwfSwic2NoZW1hX3ZlcnNpb24iOiIxIn0="
        }
      ]
    }
  ]
}
